// !$*UTF8*$!
{
	archiveVersion = 1;
	classes = {
	};
	objectVersion = 50;
	objects = {

/* Begin PBXBuildFile section */
		3D278654229AF39E004E7A87 /* Login+ViewController.swift in Sources */ = {isa = PBXBuildFile; fileRef = 3D278653229AF39E004E7A87 /* Login+ViewController.swift */; };
		3D278656229B07E9004E7A87 /* AccountForm+ViewController.swift in Sources */ = {isa = PBXBuildFile; fileRef = 3D278655229B07E9004E7A87 /* AccountForm+ViewController.swift */; };
		3D27865A229B2367004E7A87 /* AccountForm+ScrollView.swift in Sources */ = {isa = PBXBuildFile; fileRef = 3D278659229B2367004E7A87 /* AccountForm+ScrollView.swift */; };
		3D278660229B468D004E7A87 /* GoDefine+TabBarController.swift in Sources */ = {isa = PBXBuildFile; fileRef = 3D27865F229B468D004E7A87 /* GoDefine+TabBarController.swift */; };
		3D278662229B5260004E7A87 /* GoDefine+NavigationController.swift in Sources */ = {isa = PBXBuildFile; fileRef = 3D278661229B5260004E7A87 /* GoDefine+NavigationController.swift */; };
		3D278664229B6475004E7A87 /* Today+PageViewController.swift in Sources */ = {isa = PBXBuildFile; fileRef = 3D278663229B6475004E7A87 /* Today+PageViewController.swift */; };
		3D4AC4D3229EC11200EBBF4F /* AwardsHeader+CollectionReusableView.swift in Sources */ = {isa = PBXBuildFile; fileRef = 3D4AC4D2229EC11200EBBF4F /* AwardsHeader+CollectionReusableView.swift */; };
		3D4AC4D5229EC13600EBBF4F /* Award+CollectionViewCell.swift in Sources */ = {isa = PBXBuildFile; fileRef = 3D4AC4D4229EC13600EBBF4F /* Award+CollectionViewCell.swift */; };
		3D4AC4D7229EE36C00EBBF4F /* AwardDetail+ViewController.swift in Sources */ = {isa = PBXBuildFile; fileRef = 3D4AC4D6229EE36C00EBBF4F /* AwardDetail+ViewController.swift */; };
		3D4AC4D9229F298000EBBF4F /* TodayDetail+CollectionViewController.swift in Sources */ = {isa = PBXBuildFile; fileRef = 3D4AC4D8229F298000EBBF4F /* TodayDetail+CollectionViewController.swift */; };
		3D4AC4DB229F426600EBBF4F /* DetailData+CollectionViewCell.swift in Sources */ = {isa = PBXBuildFile; fileRef = 3D4AC4DA229F426600EBBF4F /* DetailData+CollectionViewCell.swift */; };
		3D861AD8229FCC05001F7B4E /* Comon.swift in Sources */ = {isa = PBXBuildFile; fileRef = 3D861AD7229FCC04001F7B4E /* Comon.swift */; };
		3DC692F722A1D3A00046D841 /* User.swift in Sources */ = {isa = PBXBuildFile; fileRef = 3DC692F622A1D3A00046D841 /* User.swift */; };
		3DE3C877229A65BC00EE4F20 /* AppDelegate.swift in Sources */ = {isa = PBXBuildFile; fileRef = 3DE3C876229A65BC00EE4F20 /* AppDelegate.swift */; };
		3DE3C87C229A65BC00EE4F20 /* Main.storyboard in Resources */ = {isa = PBXBuildFile; fileRef = 3DE3C87A229A65BC00EE4F20 /* Main.storyboard */; };
		3DE3C87F229A65BC00EE4F20 /* GoDefine.xcdatamodeld in Sources */ = {isa = PBXBuildFile; fileRef = 3DE3C87D229A65BC00EE4F20 /* GoDefine.xcdatamodeld */; };
		3DE3C881229A65BE00EE4F20 /* Assets.xcassets in Resources */ = {isa = PBXBuildFile; fileRef = 3DE3C880229A65BE00EE4F20 /* Assets.xcassets */; };
		3DE3C884229A65BE00EE4F20 /* LaunchScreen.storyboard in Resources */ = {isa = PBXBuildFile; fileRef = 3DE3C882229A65BE00EE4F20 /* LaunchScreen.storyboard */; };
		3DE3C88D229A6C2A00EE4F20 /* Today+ViewController.swift in Sources */ = {isa = PBXBuildFile; fileRef = 3DE3C88C229A6C2A00EE4F20 /* Today+ViewController.swift */; };
		3DE3C891229A6C6D00EE4F20 /* Goals+ViewController.swift in Sources */ = {isa = PBXBuildFile; fileRef = 3DE3C890229A6C6D00EE4F20 /* Goals+ViewController.swift */; };
		3DE3C893229A6D0100EE4F20 /* Settings+ViewController.swift in Sources */ = {isa = PBXBuildFile; fileRef = 3DE3C892229A6D0100EE4F20 /* Settings+ViewController.swift */; };
		3DE3C897229A7CB900EE4F20 /* Me+TableViewController.swift in Sources */ = {isa = PBXBuildFile; fileRef = 3DE3C896229A7CB900EE4F20 /* Me+TableViewController.swift */; };
		3DE3C899229A7D6900EE4F20 /* Awards+CollectionViewController.swift in Sources */ = {isa = PBXBuildFile; fileRef = 3DE3C898229A7D6900EE4F20 /* Awards+CollectionViewController.swift */; };
		B6399F69229B90F000AD6337 /* HealthKit.framework in Frameworks */ = {isa = PBXBuildFile; fileRef = B6399F68229B90F000AD6337 /* HealthKit.framework */; };
		B6399F6C229B934500AD6337 /* HealthKitSetupAssistant.swift in Sources */ = {isa = PBXBuildFile; fileRef = B6399F6B229B934500AD6337 /* HealthKitSetupAssistant.swift */; };
		B6399F74229B985200AD6337 /* Workout.swift in Sources */ = {isa = PBXBuildFile; fileRef = B6399F73229B985200AD6337 /* Workout.swift */; };
		B6399F76229B9C7C00AD6337 /* WorkoutSession.swift in Sources */ = {isa = PBXBuildFile; fileRef = B6399F75229B9C7C00AD6337 /* WorkoutSession.swift */; };
		B6633D1B229FD5E90086AD58 /* DataStoreService.swift in Sources */ = {isa = PBXBuildFile; fileRef = B6180B36229EB2B500490FD9 /* DataStoreService.swift */; };
		B6633D1C229FD5EC0086AD58 /* FlightsClimbedDataStore.swift in Sources */ = {isa = PBXBuildFile; fileRef = B6165557229FCAB600B312E5 /* FlightsClimbedDataStore.swift */; };
		B6633D1D229FD5EE0086AD58 /* WalkingDataStore.swift in Sources */ = {isa = PBXBuildFile; fileRef = B6180B3B229EC03000490FD9 /* WalkingDataStore.swift */; };
		B6633D1E229FD5F00086AD58 /* ActiveEnergyBurnedDataStore.swift in Sources */ = {isa = PBXBuildFile; fileRef = B6165553229FC89100B312E5 /* ActiveEnergyBurnedDataStore.swift */; };
		B6633D1F229FD5F40086AD58 /* ExerciseTimeDataStore.swift in Sources */ = {isa = PBXBuildFile; fileRef = B6165555229FCA3400B312E5 /* ExerciseTimeDataStore.swift */; };
		B6633D20229FD5F70086AD58 /* StandHourDataStore.swift in Sources */ = {isa = PBXBuildFile; fileRef = B6165559229FCBA200B312E5 /* StandHourDataStore.swift */; };
		B6633D22229FD7AC0086AD58 /* SteptCountDataStore.swift in Sources */ = {isa = PBXBuildFile; fileRef = B6633D21229FD7AC0086AD58 /* SteptCountDataStore.swift */; };
		B6AAAAC7229FD2D700D4C21A /* WorkoutDataStore.swift in Sources */ = {isa = PBXBuildFile; fileRef = B6AAAAC4229FD2D700D4C21A /* WorkoutDataStore.swift */; };
		B6AAAAC8229FD2D700D4C21A /* StoringUserProfile.swift in Sources */ = {isa = PBXBuildFile; fileRef = B6AAAAC5229FD2D700D4C21A /* StoringUserProfile.swift */; };
		F61794C922A0BF11003B041E /* Splash+ContainerViewController.swift in Sources */ = {isa = PBXBuildFile; fileRef = F61794C822A0BF11003B041E /* Splash+ContainerViewController.swift */; };
		FCF54383C273F054470619D7 /* Pods_GoDefine.framework in Frameworks */ = {isa = PBXBuildFile; fileRef = DE4B4FCF3180599549BDB684 /* Pods_GoDefine.framework */; };
/* End PBXBuildFile section */

/* Begin PBXFileReference section */
		1D742367212670204216633E /* Pods-GoDefine.release.xcconfig */ = {isa = PBXFileReference; includeInIndex = 1; lastKnownFileType = text.xcconfig; name = "Pods-GoDefine.release.xcconfig"; path = "Pods/Target Support Files/Pods-GoDefine/Pods-GoDefine.release.xcconfig"; sourceTree = "<group>"; };
		3D278653229AF39E004E7A87 /* Login+ViewController.swift */ = {isa = PBXFileReference; lastKnownFileType = sourcecode.swift; path = "Login+ViewController.swift"; sourceTree = "<group>"; };
		3D278655229B07E9004E7A87 /* AccountForm+ViewController.swift */ = {isa = PBXFileReference; lastKnownFileType = sourcecode.swift; path = "AccountForm+ViewController.swift"; sourceTree = "<group>"; };
		3D278659229B2367004E7A87 /* AccountForm+ScrollView.swift */ = {isa = PBXFileReference; lastKnownFileType = sourcecode.swift; path = "AccountForm+ScrollView.swift"; sourceTree = "<group>"; };
		3D27865F229B468D004E7A87 /* GoDefine+TabBarController.swift */ = {isa = PBXFileReference; lastKnownFileType = sourcecode.swift; path = "GoDefine+TabBarController.swift"; sourceTree = "<group>"; };
		3D278661229B5260004E7A87 /* GoDefine+NavigationController.swift */ = {isa = PBXFileReference; lastKnownFileType = sourcecode.swift; path = "GoDefine+NavigationController.swift"; sourceTree = "<group>"; };
		3D278663229B6475004E7A87 /* Today+PageViewController.swift */ = {isa = PBXFileReference; lastKnownFileType = sourcecode.swift; path = "Today+PageViewController.swift"; sourceTree = "<group>"; };
		3D357ACA229F7433008B1CE8 /* fluid_slider.framework */ = {isa = PBXFileReference; explicitFileType = wrapper.framework; path = fluid_slider.framework; sourceTree = BUILT_PRODUCTS_DIR; };
		3D4AC4D2229EC11200EBBF4F /* AwardsHeader+CollectionReusableView.swift */ = {isa = PBXFileReference; lastKnownFileType = sourcecode.swift; path = "AwardsHeader+CollectionReusableView.swift"; sourceTree = "<group>"; };
		3D4AC4D4229EC13600EBBF4F /* Award+CollectionViewCell.swift */ = {isa = PBXFileReference; lastKnownFileType = sourcecode.swift; path = "Award+CollectionViewCell.swift"; sourceTree = "<group>"; };
		3D4AC4D6229EE36C00EBBF4F /* AwardDetail+ViewController.swift */ = {isa = PBXFileReference; lastKnownFileType = sourcecode.swift; path = "AwardDetail+ViewController.swift"; sourceTree = "<group>"; };
		3D4AC4D8229F298000EBBF4F /* TodayDetail+CollectionViewController.swift */ = {isa = PBXFileReference; lastKnownFileType = sourcecode.swift; path = "TodayDetail+CollectionViewController.swift"; sourceTree = "<group>"; };
		3D4AC4DA229F426600EBBF4F /* DetailData+CollectionViewCell.swift */ = {isa = PBXFileReference; lastKnownFileType = sourcecode.swift; path = "DetailData+CollectionViewCell.swift"; sourceTree = "<group>"; };
		3D861ACD229FCA5E001F7B4E /* DataStoreService.swift */ = {isa = PBXFileReference; fileEncoding = 4; lastKnownFileType = sourcecode.swift; path = DataStoreService.swift; sourceTree = "<group>"; };
		3D861ACE229FCA5E001F7B4E /* WalkingDataStore.swift */ = {isa = PBXFileReference; fileEncoding = 4; lastKnownFileType = sourcecode.swift; path = WalkingDataStore.swift; sourceTree = "<group>"; };
		3D861AD7229FCC04001F7B4E /* Comon.swift */ = {isa = PBXFileReference; fileEncoding = 4; lastKnownFileType = sourcecode.swift; path = Comon.swift; sourceTree = "<group>"; };
		3DC692F622A1D3A00046D841 /* User.swift */ = {isa = PBXFileReference; lastKnownFileType = sourcecode.swift; path = User.swift; sourceTree = "<group>"; };
		3DE3C873229A65BC00EE4F20 /* GoDefine.app */ = {isa = PBXFileReference; explicitFileType = wrapper.application; includeInIndex = 0; path = GoDefine.app; sourceTree = BUILT_PRODUCTS_DIR; };
		3DE3C876229A65BC00EE4F20 /* AppDelegate.swift */ = {isa = PBXFileReference; lastKnownFileType = sourcecode.swift; path = AppDelegate.swift; sourceTree = "<group>"; };
		3DE3C87B229A65BC00EE4F20 /* Base */ = {isa = PBXFileReference; lastKnownFileType = file.storyboard; name = Base; path = Base.lproj/Main.storyboard; sourceTree = "<group>"; };
		3DE3C87E229A65BC00EE4F20 /* GoDefine.xcdatamodel */ = {isa = PBXFileReference; lastKnownFileType = wrapper.xcdatamodel; path = GoDefine.xcdatamodel; sourceTree = "<group>"; };
		3DE3C880229A65BE00EE4F20 /* Assets.xcassets */ = {isa = PBXFileReference; lastKnownFileType = folder.assetcatalog; path = Assets.xcassets; sourceTree = "<group>"; };
		3DE3C883229A65BE00EE4F20 /* Base */ = {isa = PBXFileReference; lastKnownFileType = file.storyboard; name = Base; path = Base.lproj/LaunchScreen.storyboard; sourceTree = "<group>"; };
		3DE3C885229A65BE00EE4F20 /* Info.plist */ = {isa = PBXFileReference; lastKnownFileType = text.plist.xml; path = Info.plist; sourceTree = "<group>"; };
		3DE3C88C229A6C2A00EE4F20 /* Today+ViewController.swift */ = {isa = PBXFileReference; lastKnownFileType = sourcecode.swift; path = "Today+ViewController.swift"; sourceTree = "<group>"; };
		3DE3C890229A6C6D00EE4F20 /* Goals+ViewController.swift */ = {isa = PBXFileReference; lastKnownFileType = sourcecode.swift; path = "Goals+ViewController.swift"; sourceTree = "<group>"; };
		3DE3C892229A6D0100EE4F20 /* Settings+ViewController.swift */ = {isa = PBXFileReference; lastKnownFileType = sourcecode.swift; path = "Settings+ViewController.swift"; sourceTree = "<group>"; };
		3DE3C896229A7CB900EE4F20 /* Me+TableViewController.swift */ = {isa = PBXFileReference; lastKnownFileType = sourcecode.swift; path = "Me+TableViewController.swift"; sourceTree = "<group>"; };
		3DE3C898229A7D6900EE4F20 /* Awards+CollectionViewController.swift */ = {isa = PBXFileReference; lastKnownFileType = sourcecode.swift; path = "Awards+CollectionViewController.swift"; sourceTree = "<group>"; };
		B5D564755AFB71D54EBDC69D /* Pods-GoDefine.debug.xcconfig */ = {isa = PBXFileReference; includeInIndex = 1; lastKnownFileType = text.xcconfig; name = "Pods-GoDefine.debug.xcconfig"; path = "Pods/Target Support Files/Pods-GoDefine/Pods-GoDefine.debug.xcconfig"; sourceTree = "<group>"; };
		B6165553229FC89100B312E5 /* ActiveEnergyBurnedDataStore.swift */ = {isa = PBXFileReference; lastKnownFileType = sourcecode.swift; path = ActiveEnergyBurnedDataStore.swift; sourceTree = "<group>"; };
		B6165555229FCA3400B312E5 /* ExerciseTimeDataStore.swift */ = {isa = PBXFileReference; lastKnownFileType = sourcecode.swift; path = ExerciseTimeDataStore.swift; sourceTree = "<group>"; };
		B6165557229FCAB600B312E5 /* FlightsClimbedDataStore.swift */ = {isa = PBXFileReference; lastKnownFileType = sourcecode.swift; path = FlightsClimbedDataStore.swift; sourceTree = "<group>"; };
		B6165559229FCBA200B312E5 /* StandHourDataStore.swift */ = {isa = PBXFileReference; lastKnownFileType = sourcecode.swift; path = StandHourDataStore.swift; sourceTree = "<group>"; };
		B6180B36229EB2B500490FD9 /* DataStoreService.swift */ = {isa = PBXFileReference; lastKnownFileType = sourcecode.swift; path = DataStoreService.swift; sourceTree = "<group>"; };
		B6180B3B229EC03000490FD9 /* WalkingDataStore.swift */ = {isa = PBXFileReference; lastKnownFileType = sourcecode.swift; path = WalkingDataStore.swift; sourceTree = "<group>"; };
		B6399F68229B90F000AD6337 /* HealthKit.framework */ = {isa = PBXFileReference; lastKnownFileType = wrapper.framework; name = HealthKit.framework; path = System/Library/Frameworks/HealthKit.framework; sourceTree = SDKROOT; };
		B6399F6A229B90F000AD6337 /* GoDefine.entitlements */ = {isa = PBXFileReference; lastKnownFileType = text.plist.entitlements; path = GoDefine.entitlements; sourceTree = "<group>"; };
		B6399F6B229B934500AD6337 /* HealthKitSetupAssistant.swift */ = {isa = PBXFileReference; lastKnownFileType = sourcecode.swift; path = HealthKitSetupAssistant.swift; sourceTree = "<group>"; };
		B6399F73229B985200AD6337 /* Workout.swift */ = {isa = PBXFileReference; lastKnownFileType = sourcecode.swift; name = Workout.swift; path = GoDefine/Models/Workout.swift; sourceTree = SOURCE_ROOT; };
		B6399F75229B9C7C00AD6337 /* WorkoutSession.swift */ = {isa = PBXFileReference; lastKnownFileType = sourcecode.swift; name = WorkoutSession.swift; path = GoDefine/Models/WorkoutSession.swift; sourceTree = SOURCE_ROOT; };
		B6633D21229FD7AC0086AD58 /* SteptCountDataStore.swift */ = {isa = PBXFileReference; fileEncoding = 4; lastKnownFileType = sourcecode.swift; path = SteptCountDataStore.swift; sourceTree = "<group>"; };
		B6AAAAC4229FD2D700D4C21A /* WorkoutDataStore.swift */ = {isa = PBXFileReference; fileEncoding = 4; lastKnownFileType = sourcecode.swift; path = WorkoutDataStore.swift; sourceTree = "<group>"; };
		B6AAAAC5229FD2D700D4C21A /* StoringUserProfile.swift */ = {isa = PBXFileReference; fileEncoding = 4; lastKnownFileType = sourcecode.swift; path = StoringUserProfile.swift; sourceTree = "<group>"; };
		DE4B4FCF3180599549BDB684 /* Pods_GoDefine.framework */ = {isa = PBXFileReference; explicitFileType = wrapper.framework; includeInIndex = 0; path = Pods_GoDefine.framework; sourceTree = BUILT_PRODUCTS_DIR; };
		F61794C822A0BF11003B041E /* Splash+ContainerViewController.swift */ = {isa = PBXFileReference; lastKnownFileType = sourcecode.swift; path = "Splash+ContainerViewController.swift"; sourceTree = "<group>"; };
/* End PBXFileReference section */

/* Begin PBXFrameworksBuildPhase section */
		3DE3C870229A65BC00EE4F20 /* Frameworks */ = {
			isa = PBXFrameworksBuildPhase;
			buildActionMask = 2147483647;
			files = (
				B6399F69229B90F000AD6337 /* HealthKit.framework in Frameworks */,
				FCF54383C273F054470619D7 /* Pods_GoDefine.framework in Frameworks */,
			);
			runOnlyForDeploymentPostprocessing = 0;
		};
/* End PBXFrameworksBuildPhase section */

/* Begin PBXGroup section */
		28BFCEEE4BE14D14B6653521 /* Pods */ = {
			isa = PBXGroup;
			children = (
				B5D564755AFB71D54EBDC69D /* Pods-GoDefine.debug.xcconfig */,
				1D742367212670204216633E /* Pods-GoDefine.release.xcconfig */,
			);
			name = Pods;
			sourceTree = "<group>";
		};
		3D278658229B22FB004E7A87 /* Views */ = {
			isa = PBXGroup;
			children = (
				3D278659229B2367004E7A87 /* AccountForm+ScrollView.swift */,
				3D4AC4D2229EC11200EBBF4F /* AwardsHeader+CollectionReusableView.swift */,
				3D4AC4D4229EC13600EBBF4F /* Award+CollectionViewCell.swift */,
				3D4AC4DA229F426600EBBF4F /* DetailData+CollectionViewCell.swift */,
			);
			path = Views;
			sourceTree = "<group>";
		};
		3D861AD9229FCC0F001F7B4E /* Comon */ = {
			isa = PBXGroup;
			children = (
				3D861AD7229FCC04001F7B4E /* Comon.swift */,
			);
			path = Comon;
			sourceTree = "<group>";
		};
		3DC692F522A1D3590046D841 /* Models */ = {
			isa = PBXGroup;
			children = (
				B6399F73229B985200AD6337 /* Workout.swift */,
				B6399F75229B9C7C00AD6337 /* WorkoutSession.swift */,
				3DC692F622A1D3A00046D841 /* User.swift */,
			);
			path = Models;
			sourceTree = "<group>";
		};
		3DE3C86A229A65BC00EE4F20 = {
			isa = PBXGroup;
			children = (
				3DE3C875229A65BC00EE4F20 /* GoDefine */,
				3DE3C874229A65BC00EE4F20 /* Products */,
				B6399F67229B90F000AD6337 /* Frameworks */,
				28BFCEEE4BE14D14B6653521 /* Pods */,
				B6AAAAC3229FD20500D4C21A /* Recovered References */,
			);
			sourceTree = "<group>";
		};
		3DE3C874229A65BC00EE4F20 /* Products */ = {
			isa = PBXGroup;
			children = (
				3DE3C873229A65BC00EE4F20 /* GoDefine.app */,
			);
			name = Products;
			sourceTree = "<group>";
		};
		3DE3C875229A65BC00EE4F20 /* GoDefine */ = {
			isa = PBXGroup;
			children = (
				3D861AD9229FCC0F001F7B4E /* Comon */,
				B6399F70229B97BD00AD6337 /* DataStore */,
				B6399F6D229B95F600AD6337 /* HealthKit */,
				3DC692F522A1D3590046D841 /* Models */,
				3D278658229B22FB004E7A87 /* Views */,
				3DE3C88B229A6B2000EE4F20 /* ViewControllers */,
				3DE3C876229A65BC00EE4F20 /* AppDelegate.swift */,
				3DE3C87A229A65BC00EE4F20 /* Main.storyboard */,
				3DE3C880229A65BE00EE4F20 /* Assets.xcassets */,
				3DE3C882229A65BE00EE4F20 /* LaunchScreen.storyboard */,
				3DE3C885229A65BE00EE4F20 /* Info.plist */,
				B6399F6A229B90F000AD6337 /* GoDefine.entitlements */,
				3DE3C87D229A65BC00EE4F20 /* GoDefine.xcdatamodeld */,
			);
			path = GoDefine;
			sourceTree = "<group>";
		};
		3DE3C88B229A6B2000EE4F20 /* ViewControllers */ = {
			isa = PBXGroup;
			children = (
				3DE3C88C229A6C2A00EE4F20 /* Today+ViewController.swift */,
				3DE3C890229A6C6D00EE4F20 /* Goals+ViewController.swift */,
				3DE3C892229A6D0100EE4F20 /* Settings+ViewController.swift */,
				3DE3C896229A7CB900EE4F20 /* Me+TableViewController.swift */,
				3DE3C898229A7D6900EE4F20 /* Awards+CollectionViewController.swift */,
				3D278653229AF39E004E7A87 /* Login+ViewController.swift */,
				3D278655229B07E9004E7A87 /* AccountForm+ViewController.swift */,
				3D27865F229B468D004E7A87 /* GoDefine+TabBarController.swift */,
				3D278661229B5260004E7A87 /* GoDefine+NavigationController.swift */,
				3D278663229B6475004E7A87 /* Today+PageViewController.swift */,
				3D4AC4D6229EE36C00EBBF4F /* AwardDetail+ViewController.swift */,
				3D4AC4D8229F298000EBBF4F /* TodayDetail+CollectionViewController.swift */,
				F61794C822A0BF11003B041E /* Splash+ContainerViewController.swift */,
			);
			path = ViewControllers;
			sourceTree = "<group>";
		};
		B6399F67229B90F000AD6337 /* Frameworks */ = {
			isa = PBXGroup;
			children = (
				3D357ACA229F7433008B1CE8 /* fluid_slider.framework */,
				B6399F68229B90F000AD6337 /* HealthKit.framework */,
				DE4B4FCF3180599549BDB684 /* Pods_GoDefine.framework */,
			);
			name = Frameworks;
			sourceTree = "<group>";
		};
		B6399F6D229B95F600AD6337 /* HealthKit */ = {
			isa = PBXGroup;
			children = (
				B6399F6B229B934500AD6337 /* HealthKitSetupAssistant.swift */,
			);
			path = HealthKit;
			sourceTree = "<group>";
		};
		B6399F70229B97BD00AD6337 /* DataStore */ = {
			isa = PBXGroup;
			children = (
				B6AAAAC5229FD2D700D4C21A /* StoringUserProfile.swift */,
				B6AAAAC4229FD2D700D4C21A /* WorkoutDataStore.swift */,
				B6180B36229EB2B500490FD9 /* DataStoreService.swift */,
				B6633D21229FD7AC0086AD58 /* SteptCountDataStore.swift */,
				B6165557229FCAB600B312E5 /* FlightsClimbedDataStore.swift */,
				B6180B3B229EC03000490FD9 /* WalkingDataStore.swift */,
				B6165553229FC89100B312E5 /* ActiveEnergyBurnedDataStore.swift */,
				B6165555229FCA3400B312E5 /* ExerciseTimeDataStore.swift */,
				B6165559229FCBA200B312E5 /* StandHourDataStore.swift */,
			);
			path = DataStore;
			sourceTree = "<group>";
		};
		B6AAAAC3229FD20500D4C21A /* Recovered References */ = {
			isa = PBXGroup;
			children = (
				3D861ACE229FCA5E001F7B4E /* WalkingDataStore.swift */,
				3D861ACD229FCA5E001F7B4E /* DataStoreService.swift */,
			);
			name = "Recovered References";
			sourceTree = "<group>";
		};
/* End PBXGroup section */

/* Begin PBXNativeTarget section */
		3DE3C872229A65BC00EE4F20 /* GoDefine */ = {
			isa = PBXNativeTarget;
			buildConfigurationList = 3DE3C888229A65BE00EE4F20 /* Build configuration list for PBXNativeTarget "GoDefine" */;
			buildPhases = (
				D998CFC6D95950153F68C358 /* [CP] Check Pods Manifest.lock */,
				3DE3C86F229A65BC00EE4F20 /* Sources */,
				3DE3C870229A65BC00EE4F20 /* Frameworks */,
				3DE3C871229A65BC00EE4F20 /* Resources */,
				F64896D62034DE2FC2B73963 /* [CP] Embed Pods Frameworks */,
			);
			buildRules = (
			);
			dependencies = (
			);
			name = GoDefine;
			productName = GoDefine;
			productReference = 3DE3C873229A65BC00EE4F20 /* GoDefine.app */;
			productType = "com.apple.product-type.application";
		};
/* End PBXNativeTarget section */

/* Begin PBXProject section */
		3DE3C86B229A65BC00EE4F20 /* Project object */ = {
			isa = PBXProject;
			attributes = {
				LastSwiftUpdateCheck = 1020;
				LastUpgradeCheck = 1020;
				ORGANIZATIONNAME = "Yang Qijun";
				TargetAttributes = {
					3DE3C872229A65BC00EE4F20 = {
						CreatedOnToolsVersion = 10.2.1;
						SystemCapabilities = {
							com.apple.HealthKit = {
								enabled = 1;
							};
						};
					};
				};
			};
			buildConfigurationList = 3DE3C86E229A65BC00EE4F20 /* Build configuration list for PBXProject "GoDefine" */;
			compatibilityVersion = "Xcode 9.3";
			developmentRegion = en;
			hasScannedForEncodings = 0;
			knownRegions = (
				en,
				Base,
			);
			mainGroup = 3DE3C86A229A65BC00EE4F20;
			productRefGroup = 3DE3C874229A65BC00EE4F20 /* Products */;
			projectDirPath = "";
			projectRoot = "";
			targets = (
				3DE3C872229A65BC00EE4F20 /* GoDefine */,
			);
		};
/* End PBXProject section */

/* Begin PBXResourcesBuildPhase section */
		3DE3C871229A65BC00EE4F20 /* Resources */ = {
			isa = PBXResourcesBuildPhase;
			buildActionMask = 2147483647;
			files = (
				3DE3C884229A65BE00EE4F20 /* LaunchScreen.storyboard in Resources */,
				3DE3C881229A65BE00EE4F20 /* Assets.xcassets in Resources */,
				3DE3C87C229A65BC00EE4F20 /* Main.storyboard in Resources */,
			);
			runOnlyForDeploymentPostprocessing = 0;
		};
/* End PBXResourcesBuildPhase section */

/* Begin PBXShellScriptBuildPhase section */
		D998CFC6D95950153F68C358 /* [CP] Check Pods Manifest.lock */ = {
			isa = PBXShellScriptBuildPhase;
			buildActionMask = 2147483647;
			files = (
			);
			inputPaths = (
				"${PODS_PODFILE_DIR_PATH}/Podfile.lock",
				"${PODS_ROOT}/Manifest.lock",
			);
			name = "[CP] Check Pods Manifest.lock";
			outputPaths = (
				"$(DERIVED_FILE_DIR)/Pods-GoDefine-checkManifestLockResult.txt",
			);
			runOnlyForDeploymentPostprocessing = 0;
			shellPath = /bin/sh;
			shellScript = "diff \"${PODS_PODFILE_DIR_PATH}/Podfile.lock\" \"${PODS_ROOT}/Manifest.lock\" > /dev/null\nif [ $? != 0 ] ; then\n    # print error to STDERR\n    echo \"error: The sandbox is not in sync with the Podfile.lock. Run 'pod install' or update your CocoaPods installation.\" >&2\n    exit 1\nfi\n# This output is used by Xcode 'outputs' to avoid re-running this script phase.\necho \"SUCCESS\" > \"${SCRIPT_OUTPUT_FILE_0}\"\n";
			showEnvVarsInLog = 0;
		};
		F64896D62034DE2FC2B73963 /* [CP] Embed Pods Frameworks */ = {
			isa = PBXShellScriptBuildPhase;
			buildActionMask = 2147483647;
			files = (
			);
			inputPaths = (
				"${PODS_ROOT}/Target Support Files/Pods-GoDefine/Pods-GoDefine-frameworks.sh",
				"${BUILT_PRODUCTS_DIR}/Eureka/Eureka.framework",
				"${BUILT_PRODUCTS_DIR}/Motion/Motion.framework",
				"${BUILT_PRODUCTS_DIR}/RLBAlertsPickers/RLBAlertsPickers.framework",
				"${BUILT_PRODUCTS_DIR}/SnapKit/SnapKit.framework",
				"${BUILT_PRODUCTS_DIR}/SwiftyOnboard/SwiftyOnboard.framework",
				"${BUILT_PRODUCTS_DIR}/fluid-slider/fluid_slider.framework",
				"${BUILT_PRODUCTS_DIR}/pop/pop.framework",
			);
			name = "[CP] Embed Pods Frameworks";
			outputPaths = (
				"${TARGET_BUILD_DIR}/${FRAMEWORKS_FOLDER_PATH}/Eureka.framework",
				"${TARGET_BUILD_DIR}/${FRAMEWORKS_FOLDER_PATH}/Motion.framework",
				"${TARGET_BUILD_DIR}/${FRAMEWORKS_FOLDER_PATH}/RLBAlertsPickers.framework",
				"${TARGET_BUILD_DIR}/${FRAMEWORKS_FOLDER_PATH}/SnapKit.framework",
				"${TARGET_BUILD_DIR}/${FRAMEWORKS_FOLDER_PATH}/SwiftyOnboard.framework",
				"${TARGET_BUILD_DIR}/${FRAMEWORKS_FOLDER_PATH}/fluid_slider.framework",
				"${TARGET_BUILD_DIR}/${FRAMEWORKS_FOLDER_PATH}/pop.framework",
			);
			runOnlyForDeploymentPostprocessing = 0;
			shellPath = /bin/sh;
			shellScript = "\"${PODS_ROOT}/Target Support Files/Pods-GoDefine/Pods-GoDefine-frameworks.sh\"\n";
			showEnvVarsInLog = 0;
		};
/* End PBXShellScriptBuildPhase section */

/* Begin PBXSourcesBuildPhase section */
		3DE3C86F229A65BC00EE4F20 /* Sources */ = {
			isa = PBXSourcesBuildPhase;
			buildActionMask = 2147483647;
			files = (
				3DE3C899229A7D6900EE4F20 /* Awards+CollectionViewController.swift in Sources */,
				B6AAAAC8229FD2D700D4C21A /* StoringUserProfile.swift in Sources */,
				3D278660229B468D004E7A87 /* GoDefine+TabBarController.swift in Sources */,
				B6633D1C229FD5EC0086AD58 /* FlightsClimbedDataStore.swift in Sources */,
				3D278662229B5260004E7A87 /* GoDefine+NavigationController.swift in Sources */,
				B6633D1D229FD5EE0086AD58 /* WalkingDataStore.swift in Sources */,
				3D4AC4D3229EC11200EBBF4F /* AwardsHeader+CollectionReusableView.swift in Sources */,
				B6633D1B229FD5E90086AD58 /* DataStoreService.swift in Sources */,
				3DE3C88D229A6C2A00EE4F20 /* Today+ViewController.swift in Sources */,
				3D4AC4D5229EC13600EBBF4F /* Award+CollectionViewCell.swift in Sources */,
				B6633D20229FD5F70086AD58 /* StandHourDataStore.swift in Sources */,
				3D4AC4D7229EE36C00EBBF4F /* AwardDetail+ViewController.swift in Sources */,
				3DE3C893229A6D0100EE4F20 /* Settings+ViewController.swift in Sources */,
				B6399F6C229B934500AD6337 /* HealthKitSetupAssistant.swift in Sources */,
				3D278656229B07E9004E7A87 /* AccountForm+ViewController.swift in Sources */,
				3D861AD8229FCC05001F7B4E /* Comon.swift in Sources */,
				3DE3C897229A7CB900EE4F20 /* Me+TableViewController.swift in Sources */,
				3D278664229B6475004E7A87 /* Today+PageViewController.swift in Sources */,
				3D4AC4DB229F426600EBBF4F /* DetailData+CollectionViewCell.swift in Sources */,
				3D27865A229B2367004E7A87 /* AccountForm+ScrollView.swift in Sources */,
				3D278654229AF39E004E7A87 /* Login+ViewController.swift in Sources */,
				3DE3C877229A65BC00EE4F20 /* AppDelegate.swift in Sources */,
				B6633D1E229FD5F00086AD58 /* ActiveEnergyBurnedDataStore.swift in Sources */,
				3D4AC4D9229F298000EBBF4F /* TodayDetail+CollectionViewController.swift in Sources */,
				B6399F76229B9C7C00AD6337 /* WorkoutSession.swift in Sources */,
				3DE3C87F229A65BC00EE4F20 /* GoDefine.xcdatamodeld in Sources */,
				B6AAAAC7229FD2D700D4C21A /* WorkoutDataStore.swift in Sources */,
				B6399F74229B985200AD6337 /* Workout.swift in Sources */,
				B6633D1F229FD5F40086AD58 /* ExerciseTimeDataStore.swift in Sources */,
				3DE3C891229A6C6D00EE4F20 /* Goals+ViewController.swift in Sources */,
				B6633D22229FD7AC0086AD58 /* SteptCountDataStore.swift in Sources */,
				F61794C922A0BF11003B041E /* Splash+ContainerViewController.swift in Sources */,
				3DC692F722A1D3A00046D841 /* User.swift in Sources */,
			);
			runOnlyForDeploymentPostprocessing = 0;
		};
/* End PBXSourcesBuildPhase section */

/* Begin PBXVariantGroup section */
		3DE3C87A229A65BC00EE4F20 /* Main.storyboard */ = {
			isa = PBXVariantGroup;
			children = (
				3DE3C87B229A65BC00EE4F20 /* Base */,
			);
			name = Main.storyboard;
			sourceTree = "<group>";
		};
		3DE3C882229A65BE00EE4F20 /* LaunchScreen.storyboard */ = {
			isa = PBXVariantGroup;
			children = (
				3DE3C883229A65BE00EE4F20 /* Base */,
			);
			name = LaunchScreen.storyboard;
			sourceTree = "<group>";
		};
/* End PBXVariantGroup section */

/* Begin XCBuildConfiguration section */
		3DE3C886229A65BE00EE4F20 /* Debug */ = {
			isa = XCBuildConfiguration;
			buildSettings = {
				ALWAYS_SEARCH_USER_PATHS = NO;
				CLANG_ANALYZER_NONNULL = YES;
				CLANG_ANALYZER_NUMBER_OBJECT_CONVERSION = YES_AGGRESSIVE;
				CLANG_CXX_LANGUAGE_STANDARD = "gnu++14";
				CLANG_CXX_LIBRARY = "libc++";
				CLANG_ENABLE_MODULES = YES;
				CLANG_ENABLE_OBJC_ARC = YES;
				CLANG_ENABLE_OBJC_WEAK = YES;
				CLANG_WARN_BLOCK_CAPTURE_AUTORELEASING = YES;
				CLANG_WARN_BOOL_CONVERSION = YES;
				CLANG_WARN_COMMA = YES;
				CLANG_WARN_CONSTANT_CONVERSION = YES;
				CLANG_WARN_DEPRECATED_OBJC_IMPLEMENTATIONS = YES;
				CLANG_WARN_DIRECT_OBJC_ISA_USAGE = YES_ERROR;
				CLANG_WARN_DOCUMENTATION_COMMENTS = YES;
				CLANG_WARN_EMPTY_BODY = YES;
				CLANG_WARN_ENUM_CONVERSION = YES;
				CLANG_WARN_INFINITE_RECURSION = YES;
				CLANG_WARN_INT_CONVERSION = YES;
				CLANG_WARN_NON_LITERAL_NULL_CONVERSION = YES;
				CLANG_WARN_OBJC_IMPLICIT_RETAIN_SELF = YES;
				CLANG_WARN_OBJC_LITERAL_CONVERSION = YES;
				CLANG_WARN_OBJC_ROOT_CLASS = YES_ERROR;
				CLANG_WARN_RANGE_LOOP_ANALYSIS = YES;
				CLANG_WARN_STRICT_PROTOTYPES = YES;
				CLANG_WARN_SUSPICIOUS_MOVE = YES;
				CLANG_WARN_UNGUARDED_AVAILABILITY = YES_AGGRESSIVE;
				CLANG_WARN_UNREACHABLE_CODE = YES;
				CLANG_WARN__DUPLICATE_METHOD_MATCH = YES;
				CODE_SIGN_IDENTITY = "iPhone Developer";
				COPY_PHASE_STRIP = NO;
				DEBUG_INFORMATION_FORMAT = dwarf;
				ENABLE_STRICT_OBJC_MSGSEND = YES;
				ENABLE_TESTABILITY = YES;
				GCC_C_LANGUAGE_STANDARD = gnu11;
				GCC_DYNAMIC_NO_PIC = NO;
				GCC_NO_COMMON_BLOCKS = YES;
				GCC_OPTIMIZATION_LEVEL = 0;
				GCC_PREPROCESSOR_DEFINITIONS = (
					"DEBUG=1",
					"$(inherited)",
				);
				GCC_WARN_64_TO_32_BIT_CONVERSION = YES;
				GCC_WARN_ABOUT_RETURN_TYPE = YES_ERROR;
				GCC_WARN_UNDECLARED_SELECTOR = YES;
				GCC_WARN_UNINITIALIZED_AUTOS = YES_AGGRESSIVE;
				GCC_WARN_UNUSED_FUNCTION = YES;
				GCC_WARN_UNUSED_VARIABLE = YES;
				IPHONEOS_DEPLOYMENT_TARGET = 12.2;
				MTL_ENABLE_DEBUG_INFO = INCLUDE_SOURCE;
				MTL_FAST_MATH = YES;
				ONLY_ACTIVE_ARCH = YES;
				SDKROOT = iphoneos;
				SWIFT_ACTIVE_COMPILATION_CONDITIONS = DEBUG;
				SWIFT_OPTIMIZATION_LEVEL = "-Onone";
			};
			name = Debug;
		};
		3DE3C887229A65BE00EE4F20 /* Release */ = {
			isa = XCBuildConfiguration;
			buildSettings = {
				ALWAYS_SEARCH_USER_PATHS = NO;
				CLANG_ANALYZER_NONNULL = YES;
				CLANG_ANALYZER_NUMBER_OBJECT_CONVERSION = YES_AGGRESSIVE;
				CLANG_CXX_LANGUAGE_STANDARD = "gnu++14";
				CLANG_CXX_LIBRARY = "libc++";
				CLANG_ENABLE_MODULES = YES;
				CLANG_ENABLE_OBJC_ARC = YES;
				CLANG_ENABLE_OBJC_WEAK = YES;
				CLANG_WARN_BLOCK_CAPTURE_AUTORELEASING = YES;
				CLANG_WARN_BOOL_CONVERSION = YES;
				CLANG_WARN_COMMA = YES;
				CLANG_WARN_CONSTANT_CONVERSION = YES;
				CLANG_WARN_DEPRECATED_OBJC_IMPLEMENTATIONS = YES;
				CLANG_WARN_DIRECT_OBJC_ISA_USAGE = YES_ERROR;
				CLANG_WARN_DOCUMENTATION_COMMENTS = YES;
				CLANG_WARN_EMPTY_BODY = YES;
				CLANG_WARN_ENUM_CONVERSION = YES;
				CLANG_WARN_INFINITE_RECURSION = YES;
				CLANG_WARN_INT_CONVERSION = YES;
				CLANG_WARN_NON_LITERAL_NULL_CONVERSION = YES;
				CLANG_WARN_OBJC_IMPLICIT_RETAIN_SELF = YES;
				CLANG_WARN_OBJC_LITERAL_CONVERSION = YES;
				CLANG_WARN_OBJC_ROOT_CLASS = YES_ERROR;
				CLANG_WARN_RANGE_LOOP_ANALYSIS = YES;
				CLANG_WARN_STRICT_PROTOTYPES = YES;
				CLANG_WARN_SUSPICIOUS_MOVE = YES;
				CLANG_WARN_UNGUARDED_AVAILABILITY = YES_AGGRESSIVE;
				CLANG_WARN_UNREACHABLE_CODE = YES;
				CLANG_WARN__DUPLICATE_METHOD_MATCH = YES;
				CODE_SIGN_IDENTITY = "iPhone Developer";
				COPY_PHASE_STRIP = NO;
				DEBUG_INFORMATION_FORMAT = "dwarf-with-dsym";
				ENABLE_NS_ASSERTIONS = NO;
				ENABLE_STRICT_OBJC_MSGSEND = YES;
				GCC_C_LANGUAGE_STANDARD = gnu11;
				GCC_NO_COMMON_BLOCKS = YES;
				GCC_WARN_64_TO_32_BIT_CONVERSION = YES;
				GCC_WARN_ABOUT_RETURN_TYPE = YES_ERROR;
				GCC_WARN_UNDECLARED_SELECTOR = YES;
				GCC_WARN_UNINITIALIZED_AUTOS = YES_AGGRESSIVE;
				GCC_WARN_UNUSED_FUNCTION = YES;
				GCC_WARN_UNUSED_VARIABLE = YES;
				IPHONEOS_DEPLOYMENT_TARGET = 12.2;
				MTL_ENABLE_DEBUG_INFO = NO;
				MTL_FAST_MATH = YES;
				SDKROOT = iphoneos;
				SWIFT_COMPILATION_MODE = wholemodule;
				SWIFT_OPTIMIZATION_LEVEL = "-O";
				VALIDATE_PRODUCT = YES;
			};
			name = Release;
		};
		3DE3C889229A65BE00EE4F20 /* Debug */ = {
			isa = XCBuildConfiguration;
			baseConfigurationReference = B5D564755AFB71D54EBDC69D /* Pods-GoDefine.debug.xcconfig */;
			buildSettings = {
				ASSETCATALOG_COMPILER_APPICON_NAME = AppIcon;
				CODE_SIGN_ENTITLEMENTS = GoDefine/GoDefine.entitlements;
				CODE_SIGN_STYLE = Automatic;
				DEVELOPMENT_TEAM = S9LL78K9QZ;
				INFOPLIST_FILE = GoDefine/Info.plist;
				LD_RUNPATH_SEARCH_PATHS = (
					"$(inherited)",
					"@executable_path/Frameworks",
				);
				PRODUCT_BUNDLE_IDENTIFIER = au.edu.uts.GoDefine;
				PRODUCT_NAME = "$(TARGET_NAME)";
				SWIFT_VERSION = 5.0;
				TARGETED_DEVICE_FAMILY = "1,2";
			};
			name = Debug;
		};
		3DE3C88A229A65BE00EE4F20 /* Release */ = {
			isa = XCBuildConfiguration;
			baseConfigurationReference = 1D742367212670204216633E /* Pods-GoDefine.release.xcconfig */;
			buildSettings = {
				ASSETCATALOG_COMPILER_APPICON_NAME = AppIcon;
				CODE_SIGN_ENTITLEMENTS = GoDefine/GoDefine.entitlements;
				CODE_SIGN_STYLE = Automatic;
				DEVELOPMENT_TEAM = S9LL78K9QZ;
				INFOPLIST_FILE = GoDefine/Info.plist;
				LD_RUNPATH_SEARCH_PATHS = (
					"$(inherited)",
					"@executable_path/Frameworks",
				);
				PRODUCT_BUNDLE_IDENTIFIER = au.edu.uts.GoDefine;
				PRODUCT_NAME = "$(TARGET_NAME)";
				SWIFT_VERSION = 5.0;
				TARGETED_DEVICE_FAMILY = "1,2";
			};
			name = Release;
		};
/* End XCBuildConfiguration section */

/* Begin XCConfigurationList section */
		3DE3C86E229A65BC00EE4F20 /* Build configuration list for PBXProject "GoDefine" */ = {
			isa = XCConfigurationList;
			buildConfigurations = (
				3DE3C886229A65BE00EE4F20 /* Debug */,
				3DE3C887229A65BE00EE4F20 /* Release */,
			);
			defaultConfigurationIsVisible = 0;
			defaultConfigurationName = Release;
		};
		3DE3C888229A65BE00EE4F20 /* Build configuration list for PBXNativeTarget "GoDefine" */ = {
			isa = XCConfigurationList;
			buildConfigurations = (
				3DE3C889229A65BE00EE4F20 /* Debug */,
				3DE3C88A229A65BE00EE4F20 /* Release */,
			);
			defaultConfigurationIsVisible = 0;
			defaultConfigurationName = Release;
		};
/* End XCConfigurationList section */

/* Begin XCVersionGroup section */
		3DE3C87D229A65BC00EE4F20 /* GoDefine.xcdatamodeld */ = {
			isa = XCVersionGroup;
			children = (
				3DE3C87E229A65BC00EE4F20 /* GoDefine.xcdatamodel */,
			);
			currentVersion = 3DE3C87E229A65BC00EE4F20 /* GoDefine.xcdatamodel */;
			path = GoDefine.xcdatamodeld;
			sourceTree = "<group>";
			versionGroupType = wrapper.xcdatamodel;
		};
/* End XCVersionGroup section */
	};
	rootObject = 3DE3C86B229A65BC00EE4F20 /* Project object */;
}
